
Microsoft Visual Studio Solution File, Format Version 12.00
# Visual Studio 15
VisualStudioVersion = 15.0.28307.2092
MinimumVisualStudioVersion = 10.0.40219.1
Project("{FAE04EC0-301F-11D3-BF4B-00C04F79EFBC}") = "FantasyEngine.Unity", "FantasyEngine.Unity\FantasyEngine.Unity.csproj", "{ED128BFA-EA9F-4D35-892C-FEEF67C3FDEA}"
EndProject
Project("{FAE04EC0-301F-11D3-BF4B-00C04F79EFBC}") = "FantasyEngine.Unity.Framework", "FantasyEngine.Unity.Framework\FantasyEngine.Unity.Framework.csproj", "{DFDC93CF-0A81-4975-A799-349C1C992442}"
EndProject
Project("{9A19103F-16F7-4668-BE54-9A1E7A4F7556}") = "FantasyEngine.Common", "..\FantasyEngine.Common\FantasyEngine.Common\FantasyEngine.Common.csproj", "{D1A00379-6679-45BC-B2CC-0FC8F2FD122B}"
EndProject
Global
	GlobalSection(SolutionConfigurationPlatforms) = preSolution
		Debug|Any CPU = Debug|Any CPU
		Release|Any CPU = Release|Any CPU
	EndGlobalSection
	GlobalSection(ProjectConfigurationPlatforms) = postSolution
		{ED128BFA-EA9F-4D35-892C-FEEF67C3FDEA}.Debug|Any CPU.ActiveCfg = Debug|Any CPU
		{ED128BFA-EA9F-4D35-892C-FEEF67C3FDEA}.Debug|Any CPU.Build.0 = Debug|Any CPU
		{ED128BFA-EA9F-4D35-892C-FEEF67C3FDEA}.Release|Any CPU.ActiveCfg = Release|Any CPU
		{ED128BFA-EA9F-4D35-892C-FEEF67C3FDEA}.Release|Any CPU.Build.0 = Release|Any CPU
		{DFDC93CF-0A81-4975-A799-349C1C992442}.Debug|Any CPU.ActiveCfg = Debug|Any CPU
		{DFDC93CF-0A81-4975-A799-349C1C992442}.Debug|Any CPU.Build.0 = Debug|Any CPU
		{DFDC93CF-0A81-4975-A799-349C1C992442}.Release|Any CPU.ActiveCfg = Release|Any CPU
		{DFDC93CF-0A81-4975-A799-349C1C992442}.Release|Any CPU.Build.0 = Release|Any CPU
		{D1A00379-6679-45BC-B2CC-0FC8F2FD122B}.Debug|Any CPU.ActiveCfg = Debug|Any CPU
		{D1A00379-6679-45BC-B2CC-0FC8F2FD122B}.Debug|Any CPU.Build.0 = Debug|Any CPU
		{D1A00379-6679-45BC-B2CC-0FC8F2FD122B}.Release|Any CPU.ActiveCfg = Release|Any CPU
		{D1A00379-6679-45BC-B2CC-0FC8F2FD122B}.Release|Any CPU.Build.0 = Release|Any CPU
	EndGlobalSection
	GlobalSection(SolutionProperties) = preSolution
		HideSolutionNode = FALSE
	EndGlobalSection
	GlobalSection(ExtensibilityGlobals) = postSolution
		SolutionGuid = {2B87CA21-EDCB-4DA2-8BE1-1F767C761620}
	EndGlobalSection
EndGlobal
