
Microsoft Visual Studio Solution File, Format Version 12.00
# Visual Studio 15
VisualStudioVersion = 15.0.28307.2092
MinimumVisualStudioVersion = 10.0.40219.1
Project("{9A19103F-16F7-4668-BE54-9A1E7A4F7556}") = "FantasyEngine.Network", "FantasyEngine.Network\FantasyEngine.Network.csproj", "{49489C5B-FCFB-4CAC-8171-345B4F6ECE5D}"
EndProject
Project("{9A19103F-16F7-4668-BE54-9A1E7A4F7556}") = "FantasyEngine.Common", "..\FantasyEngine.Common\FantasyEngine.Common\FantasyEngine.Common.csproj", "{E1D804E4-7E59-4295-9559-F0EE4717B0BE}"
EndProject
Project("{9A19103F-16F7-4668-BE54-9A1E7A4F7556}") = "FantasyEngine.Client", "FantasyEngine.Client\FantasyEngine.Client.csproj", "{F5F087B1-F6A3-406C-B8FB-14223E5BD386}"
EndProject
Project("{9A19103F-16F7-4668-BE54-9A1E7A4F7556}") = "FantasyEngine.Server", "FantasyEngine.Server\FantasyEngine.Server.csproj", "{29C3EFCA-7A9E-4FF9-825B-96EDA60E06A6}"
EndProject
Project("{9A19103F-16F7-4668-BE54-9A1E7A4F7556}") = "FantasyEngine.ScriptsEngine.Compilation.CSharp", "..\FantasyEngine.ScriptsEngine\FantasyEngine.ScriptsEngine.Compilation\FantasyEngine.ScriptsEngine.Compilation.CSharp\FantasyEngine.ScriptsEngine.Compilation.CSharp.csproj", "{5B58BCE3-5D2A-4148-A98C-8192F7DD08BA}"
EndProject
Project("{9A19103F-16F7-4668-BE54-9A1E7A4F7556}") = "FantasyEngine.Server.Extend", "FantasyEngine.Server.Extend\FantasyEngine.Server.Extend.csproj", "{7CE4D0A2-7835-4D9D-A7F2-632B41C672CF}"
EndProject
Project("{9A19103F-16F7-4668-BE54-9A1E7A4F7556}") = "FantasyEngine.ScriptsEngine.Standard", "..\FantasyEngine.ScriptsEngine\FantasyEngine.ScriptsEngine.Standard\FantasyEngine.ScriptsEngine.Standard.csproj", "{06F5A33F-FC8F-4268-9F90-13127EE83CD3}"
EndProject
Global
	GlobalSection(SolutionConfigurationPlatforms) = preSolution
		Debug|Any CPU = Debug|Any CPU
		Release|Any CPU = Release|Any CPU
	EndGlobalSection
	GlobalSection(ProjectConfigurationPlatforms) = postSolution
		{49489C5B-FCFB-4CAC-8171-345B4F6ECE5D}.Debug|Any CPU.ActiveCfg = Debug|Any CPU
		{49489C5B-FCFB-4CAC-8171-345B4F6ECE5D}.Debug|Any CPU.Build.0 = Debug|Any CPU
		{49489C5B-FCFB-4CAC-8171-345B4F6ECE5D}.Release|Any CPU.ActiveCfg = Release|Any CPU
		{49489C5B-FCFB-4CAC-8171-345B4F6ECE5D}.Release|Any CPU.Build.0 = Release|Any CPU
		{E1D804E4-7E59-4295-9559-F0EE4717B0BE}.Debug|Any CPU.ActiveCfg = Debug|Any CPU
		{E1D804E4-7E59-4295-9559-F0EE4717B0BE}.Debug|Any CPU.Build.0 = Debug|Any CPU
		{E1D804E4-7E59-4295-9559-F0EE4717B0BE}.Release|Any CPU.ActiveCfg = Release|Any CPU
		{E1D804E4-7E59-4295-9559-F0EE4717B0BE}.Release|Any CPU.Build.0 = Release|Any CPU
		{F5F087B1-F6A3-406C-B8FB-14223E5BD386}.Debug|Any CPU.ActiveCfg = Debug|Any CPU
		{F5F087B1-F6A3-406C-B8FB-14223E5BD386}.Debug|Any CPU.Build.0 = Debug|Any CPU
		{F5F087B1-F6A3-406C-B8FB-14223E5BD386}.Release|Any CPU.ActiveCfg = Release|Any CPU
		{F5F087B1-F6A3-406C-B8FB-14223E5BD386}.Release|Any CPU.Build.0 = Release|Any CPU
		{29C3EFCA-7A9E-4FF9-825B-96EDA60E06A6}.Debug|Any CPU.ActiveCfg = Debug|Any CPU
		{29C3EFCA-7A9E-4FF9-825B-96EDA60E06A6}.Debug|Any CPU.Build.0 = Debug|Any CPU
		{29C3EFCA-7A9E-4FF9-825B-96EDA60E06A6}.Release|Any CPU.ActiveCfg = Release|Any CPU
		{29C3EFCA-7A9E-4FF9-825B-96EDA60E06A6}.Release|Any CPU.Build.0 = Release|Any CPU
		{5B58BCE3-5D2A-4148-A98C-8192F7DD08BA}.Debug|Any CPU.ActiveCfg = Debug|Any CPU
		{5B58BCE3-5D2A-4148-A98C-8192F7DD08BA}.Debug|Any CPU.Build.0 = Debug|Any CPU
		{5B58BCE3-5D2A-4148-A98C-8192F7DD08BA}.Release|Any CPU.ActiveCfg = Release|Any CPU
		{5B58BCE3-5D2A-4148-A98C-8192F7DD08BA}.Release|Any CPU.Build.0 = Release|Any CPU
		{7CE4D0A2-7835-4D9D-A7F2-632B41C672CF}.Debug|Any CPU.ActiveCfg = Debug|Any CPU
		{7CE4D0A2-7835-4D9D-A7F2-632B41C672CF}.Debug|Any CPU.Build.0 = Debug|Any CPU
		{7CE4D0A2-7835-4D9D-A7F2-632B41C672CF}.Release|Any CPU.ActiveCfg = Release|Any CPU
		{7CE4D0A2-7835-4D9D-A7F2-632B41C672CF}.Release|Any CPU.Build.0 = Release|Any CPU
		{06F5A33F-FC8F-4268-9F90-13127EE83CD3}.Debug|Any CPU.ActiveCfg = Debug|Any CPU
		{06F5A33F-FC8F-4268-9F90-13127EE83CD3}.Debug|Any CPU.Build.0 = Debug|Any CPU
		{06F5A33F-FC8F-4268-9F90-13127EE83CD3}.Release|Any CPU.ActiveCfg = Release|Any CPU
		{06F5A33F-FC8F-4268-9F90-13127EE83CD3}.Release|Any CPU.Build.0 = Release|Any CPU
	EndGlobalSection
	GlobalSection(SolutionProperties) = preSolution
		HideSolutionNode = FALSE
	EndGlobalSection
	GlobalSection(ExtensibilityGlobals) = postSolution
		SolutionGuid = {B369FAB6-ECD5-4E37-9591-BE892E47E815}
	EndGlobalSection
EndGlobal
